# This file is automatically @generated by Poetry and should not be changed by hand.

[[package]]
name = "httpx"
version = "0.27.2"
description = "The next generation HTTP client."
optional = false
python-versions = ">=3.8"
files = []

[metadata]
lock-version = "2.0"
python-versions = "^3.11"
content-hash = "0000000000000000000000000000000000000000000000000000000000000000"
