# This file is automatically @generated by Cargo.
# It is not intended for manual editing.
version = 4

[[package]]
name = "clap"
version = "4.5.9"
source = "registry+https://github.com/rust-lang/crates.io-index"

[[package]]
name = "pin-project-lite"
version = "0.2.14"
source = "registry+https://github.com/rust-lang/crates.io-index"

[[package]]
name = "serde"
version = "1.0.204"
source = "registry+https://github.com/rust-lang/crates.io-index"

[[package]]
name = "tokio"
version = "1.38.1"
source = "registry+https://github.com/rust-lang/crates.io-index"
dependencies = [
 "pin-project-lite",
]

[[package]]
name = "ws-cli"
version = "0.1.0"
dependencies = [
 "clap",
 "ws-core",
]

[[package]]
name = "ws-core"
version = "0.1.0"
dependencies = [
 "serde",
 "tokio",
]
