# THIS IS AN AUTOGENERATED FILE. DO NOT EDIT THIS FILE DIRECTLY.
# yarn lockfile v1


"@acme/eslint-config@1.0.0":
  version "1.0.0"
  resolved "https://registry.yarnpkg.com/@acme/eslint-config/-/eslint-config-1.0.0.tgz"

eslint-import-resolver-typescript@3.0.0:
  version "3.0.0"
  resolved "https://registry.yarnpkg.com/eslint-import-resolver-typescript/-/eslint-import-resolver-typescript-3.0.0.tgz"

eslint@9.0.0:
  version "9.0.0"
  resolved "https://registry.yarnpkg.com/eslint/-/eslint-9.0.0.tgz"

globals@15.0.0:
  version "15.0.0"
  resolved "https://registry.yarnpkg.com/globals/-/globals-15.0.0.tgz"
