{
  "name": "fixture-lockfile-npm-v3",
  "version": "0.0.0",
  "lockfileVersion": 3,
  "requires": true,
  "packages": {
    "": {
      "name": "fixture-lockfile-npm-v3",
      "version": "0.0.0",
      "dependencies": { "express-lite": "^1.0.0" },
      "devDependencies": { "tester": "^2.0.0" }
    },
    "node_modules/express-lite": {
      "version": "1.2.0",
      "dependencies": { "debug": "^4.0.0", "mime": "^3.0.0" }
    },
    "node_modules/debug": {
      "version": "4.3.4",
      "dependencies": { "ms": "2.1.2" }
    },
    "node_modules/ms": { "version": "2.1.2" },
    "node_modules/mime": { "version": "3.0.0" },
    "node_modules/tester": {
      "version": "2.1.0",
      "dev": true,
      "dependencies": { "debug": "^2.0.0" }
    },
    "node_modules/tester/node_modules/debug": {
      "version": "2.6.9",
      "dev": true,
      "dependencies": { "ms": "2.0.0" }
    },
    "node_modules/tester/node_modules/ms": { "version": "2.0.0", "dev": true }
  }
}
