# This file is automatically @generated by Cargo.
# It is not intended for manual editing.
version = 4

[[package]]
name = "app"
version = "0.1.0"
dependencies = [
 "helper",
 "serde",
]

[[package]]
name = "gen"
version = "0.1.0"
dependencies = [
 "log",
]

[[package]]
name = "helper"
version = "0.1.0"
dependencies = [
 "gen",
 "serde",
]

[[package]]
name = "log"
version = "0.4.22"
source = "registry+https://github.com/rust-lang/crates.io-index"

[[package]]
name = "serde"
version = "1.0.204"
source = "registry+https://github.com/rust-lang/crates.io-index"
