{
  "name": "fixture-polyglot-js-app",
  "version": "0.0.0",
  "lockfileVersion": 3,
  "requires": true,
  "packages": {
    "": {
      "name": "fixture-polyglot-js-app",
      "version": "0.0.0",
      "dependencies": { "axios": "^1.6.0" }
    },
    "node_modules/axios": {
      "version": "1.6.8",
      "dependencies": { "follow-redirects": "^1.15.6" }
    },
    "node_modules/follow-redirects": { "version": "1.15.6" }
  }
}
