{
  "name": "fixture-refs-shared-config-lockfile",
  "version": "0.0.0",
  "lockfileVersion": 3,
  "requires": true,
  "packages": {
    "": {
      "name": "fixture-refs-shared-config-lockfile",
      "version": "0.0.0",
      "devDependencies": {
        "@acme/eslint-config": "1.0.0",
        "eslint": "9.0.0",
        "eslint-import-resolver-typescript": "3.0.0",
        "globals": "15.0.0"
      }
    },
    "node_modules/@acme/eslint-config": {
      "version": "1.0.0",
      "dev": true,
      "peerDependencies": {
        "eslint": "^9.0.0",
        "eslint-import-resolver-typescript": "^3.0.0",
        "globals": "^15.0.0"
      }
    },
    "node_modules/eslint": { "version": "9.0.0", "dev": true },
    "node_modules/eslint-import-resolver-typescript": { "version": "3.0.0", "dev": true },
    "node_modules/globals": { "version": "15.0.0", "dev": true }
  }
}
